
Microsoft Visual Studio Solution File, Format Version 11.00
# Visual Studio 2010
Project("{FAE04EC0-301F-11D3-BF4B-00C04F79EFBC}") = "BackpackSystem", "Assembly-CSharp.csproj", "{434DFF7F-E292-DF9A-F9D0-38FDF80B013D}"
EndProject
Project("{FAE04EC0-301F-11D3-BF4B-00C04F79EFBC}") = "BackpackSystem", "Assembly-CSharp-Editor.csproj", "{58822E35-0B32-D870-E9F2-C5903F3C07C7}"
EndProject
Global
	GlobalSection(SolutionConfigurationPlatforms) = preSolution
		Debug|Any CPU = Debug|Any CPU
		Release|Any CPU = Release|Any CPU
	EndGlobalSection
	GlobalSection(ProjectConfigurationPlatforms) = postSolution
		{434DFF7F-E292-DF9A-F9D0-38FDF80B013D}.Debug|Any CPU.ActiveCfg = Debug|Any CPU
		{434DFF7F-E292-DF9A-F9D0-38FDF80B013D}.Debug|Any CPU.Build.0 = Debug|Any CPU
		{434DFF7F-E292-DF9A-F9D0-38FDF80B013D}.Release|Any CPU.ActiveCfg = Release|Any CPU
		{434DFF7F-E292-DF9A-F9D0-38FDF80B013D}.Release|Any CPU.Build.0 = Release|Any CPU
		{58822E35-0B32-D870-E9F2-C5903F3C07C7}.Debug|Any CPU.ActiveCfg = Debug|Any CPU
		{58822E35-0B32-D870-E9F2-C5903F3C07C7}.Debug|Any CPU.Build.0 = Debug|Any CPU
		{58822E35-0B32-D870-E9F2-C5903F3C07C7}.Release|Any CPU.ActiveCfg = Release|Any CPU
		{58822E35-0B32-D870-E9F2-C5903F3C07C7}.Release|Any CPU.Build.0 = Release|Any CPU
	EndGlobalSection
	GlobalSection(SolutionProperties) = preSolution
		HideSolutionNode = FALSE
	EndGlobalSection
	GlobalSection(MonoDevelopProperties) = preSolution
		StartupItem = Assembly-CSharp.csproj
	EndGlobalSection
EndGlobal
